
Microsoft Visual Studio Solution File, Format Version 12.00
# Visual Studio 14
VisualStudioVersion = 14.0.25420.1
MinimumVisualStudioVersion = 10.0.40219.1
Project("{FAE04EC0-301F-11D3-BF4B-00C04F79EFBC}") = "testProject2", "testProject2\testProject2.csproj", "{10A524C1-E7AB-42F9-8C35-A91A3BAAEA8B}"
EndProject
Global
	GlobalSection(SolutionConfigurationPlatforms) = preSolution
		Debug|Any CPU = Debug|Any CPU
		Release|Any CPU = Release|Any CPU
	EndGlobalSection
	GlobalSection(ProjectConfigurationPlatforms) = postSolution
		{10A524C1-E7AB-42F9-8C35-A91A3BAAEA8B}.Debug|Any CPU.ActiveCfg = Debug|Any CPU
		{10A524C1-E7AB-42F9-8C35-A91A3BAAEA8B}.Debug|Any CPU.Build.0 = Debug|Any CPU
		{10A524C1-E7AB-42F9-8C35-A91A3BAAEA8B}.Release|Any CPU.ActiveCfg = Release|Any CPU
		{10A524C1-E7AB-42F9-8C35-A91A3BAAEA8B}.Release|Any CPU.Build.0 = Release|Any CPU
	EndGlobalSection
	GlobalSection(SolutionProperties) = preSolution
		HideSolutionNode = FALSE
	EndGlobalSection
EndGlobal
